
Microsoft Visual Studio Solution File, Format Version 12.00
# Visual Studio Version 16
VisualStudioVersion = 16.0.30503.244
MinimumVisualStudioVersion = 10.0.40219.1
Project("{8BC9CEB8-8B4A-11D0-8D11-00A0C91BC942}") = "mod_7", "mod_7\mod_7.vcxproj", "{30686940-044A-4FC1-95B2-04A8165B9BCB}"
EndProject
Global
	GlobalSection(SolutionConfigurationPlatforms) = preSolution
		Debug|x64 = Debug|x64
		Debug|x86 = Debug|x86
		Release|x64 = Release|x64
		Release|x86 = Release|x86
	EndGlobalSection
	GlobalSection(ProjectConfigurationPlatforms) = postSolution
		{30686940-044A-4FC1-95B2-04A8165B9BCB}.Debug|x64.ActiveCfg = Debug|x64
		{30686940-044A-4FC1-95B2-04A8165B9BCB}.Debug|x64.Build.0 = Debug|x64
		{30686940-044A-4FC1-95B2-04A8165B9BCB}.Debug|x86.ActiveCfg = Debug|Win32
		{30686940-044A-4FC1-95B2-04A8165B9BCB}.Debug|x86.Build.0 = Debug|Win32
		{30686940-044A-4FC1-95B2-04A8165B9BCB}.Release|x64.ActiveCfg = Release|x64
		{30686940-044A-4FC1-95B2-04A8165B9BCB}.Release|x64.Build.0 = Release|x64
		{30686940-044A-4FC1-95B2-04A8165B9BCB}.Release|x86.ActiveCfg = Release|Win32
		{30686940-044A-4FC1-95B2-04A8165B9BCB}.Release|x86.Build.0 = Release|Win32
	EndGlobalSection
	GlobalSection(SolutionProperties) = preSolution
		HideSolutionNode = FALSE
	EndGlobalSection
	GlobalSection(ExtensibilityGlobals) = postSolution
		SolutionGuid = {2B2FF97E-60D0-41EE-AC9E-2E8D2DBCD6BD}
	EndGlobalSection
EndGlobal
